// !$*UTF8*$!
{
	archiveVersion = 1;
	classes = {
	};
	objectVersion = 46;
	objects = {

/* Begin PBXBuildFile section */
		F766543C19493FFB00C7158B /* Foundation.framework in Frameworks */ = {isa = PBXBuildFile; fileRef = F766543B19493FFB00C7158B /* Foundation.framework */; };
		F766543E19493FFB00C7158B /* CoreGraphics.framework in Frameworks */ = {isa = PBXBuildFile; fileRef = F766543D19493FFB00C7158B /* CoreGraphics.framework */; };
		F766544019493FFB00C7158B /* UIKit.framework in Frameworks */ = {isa = PBXBuildFile; fileRef = F766543F19493FFB00C7158B /* UIKit.framework */; };
		F766544619493FFB00C7158B /* InfoPlist.strings in Resources */ = {isa = PBXBuildFile; fileRef = F766544419493FFB00C7158B /* InfoPlist.strings */; };
		F766544819493FFB00C7158B /* main.m in Sources */ = {isa = PBXBuildFile; fileRef = F766544719493FFB00C7158B /* main.m */; };
		F766544C19493FFB00C7158B /* AppDelegate.m in Sources */ = {isa = PBXBuildFile; fileRef = F766544B19493FFB00C7158B /* AppDelegate.m */; };
		F766544F19493FFB00C7158B /* Main_iPhone.storyboard in Resources */ = {isa = PBXBuildFile; fileRef = F766544D19493FFB00C7158B /* Main_iPhone.storyboard */; };
		F766545219493FFB00C7158B /* Main_iPad.storyboard in Resources */ = {isa = PBXBuildFile; fileRef = F766545019493FFB00C7158B /* Main_iPad.storyboard */; };
		F766545519493FFB00C7158B /* ViewController.m in Sources */ = {isa = PBXBuildFile; fileRef = F766545419493FFB00C7158B /* ViewController.m */; };
		F766545719493FFB00C7158B /* Images.xcassets in Resources */ = {isa = PBXBuildFile; fileRef = F766545619493FFB00C7158B /* Images.xcassets */; };
		F766545E19493FFB00C7158B /* XCTest.framework in Frameworks */ = {isa = PBXBuildFile; fileRef = F766545D19493FFB00C7158B /* XCTest.framework */; };
		F766545F19493FFB00C7158B /* Foundation.framework in Frameworks */ = {isa = PBXBuildFile; fileRef = F766543B19493FFB00C7158B /* Foundation.framework */; };
		F766546019493FFB00C7158B /* UIKit.framework in Frameworks */ = {isa = PBXBuildFile; fileRef = F766543F19493FFB00C7158B /* UIKit.framework */; };
		F766546819493FFB00C7158B /* InfoPlist.strings in Resources */ = {isa = PBXBuildFile; fileRef = F766546619493FFB00C7158B /* InfoPlist.strings */; };
		F766546A19493FFB00C7158B /* NetWorkReachableTests.m in Sources */ = {isa = PBXBuildFile; fileRef = F766546919493FFB00C7158B /* NetWorkReachableTests.m */; };
/* End PBXBuildFile section */

/* Begin PBXContainerItemProxy section */
		F766546119493FFB00C7158B /* PBXContainerItemProxy */ = {
			isa = PBXContainerItemProxy;
			containerPortal = F766543019493FFB00C7158B /* Project object */;
			proxyType = 1;
			remoteGlobalIDString = F766543719493FFB00C7158B;
			remoteInfo = NetWorkReachable;
		};
/* End PBXContainerItemProxy section */

/* Begin PBXFileReference section */
		F766543819493FFB00C7158B /* NetWorkReachable.app */ = {isa = PBXFileReference; explicitFileType = wrapper.application; includeInIndex = 0; path = NetWorkReachable.app; sourceTree = BUILT_PRODUCTS_DIR; };
		F766543B19493FFB00C7158B /* Foundation.framework */ = {isa = PBXFileReference; lastKnownFileType = wrapper.framework; name = Foundation.framework; path = System/Library/Frameworks/Foundation.framework; sourceTree = SDKROOT; };
		F766543D19493FFB00C7158B /* CoreGraphics.framework */ = {isa = PBXFileReference; lastKnownFileType = wrapper.framework; name = CoreGraphics.framework; path = System/Library/Frameworks/CoreGraphics.framework; sourceTree = SDKROOT; };
		F766543F19493FFB00C7158B /* UIKit.framework */ = {isa = PBXFileReference; lastKnownFileType = wrapper.framework; name = UIKit.framework; path = System/Library/Frameworks/UIKit.framework; sourceTree = SDKROOT; };
		F766544319493FFB00C7158B /* NetWorkReachable-Info.plist */ = {isa = PBXFileReference; lastKnownFileType = text.plist.xml; path = "NetWorkReachable-Info.plist"; sourceTree = "<group>"; };
		F766544519493FFB00C7158B /* en */ = {isa = PBXFileReference; lastKnownFileType = text.plist.strings; name = en; path = en.lproj/InfoPlist.strings; sourceTree = "<group>"; };
		F766544719493FFB00C7158B /* main.m */ = {isa = PBXFileReference; lastKnownFileType = sourcecode.c.objc; path = main.m; sourceTree = "<group>"; };
		F766544919493FFB00C7158B /* NetWorkReachable-Prefix.pch */ = {isa = PBXFileReference; lastKnownFileType = sourcecode.c.h; path = "NetWorkReachable-Prefix.pch"; sourceTree = "<group>"; };
		F766544A19493FFB00C7158B /* AppDelegate.h */ = {isa = PBXFileReference; lastKnownFileType = sourcecode.c.h; path = AppDelegate.h; sourceTree = "<group>"; };
		F766544B19493FFB00C7158B /* AppDelegate.m */ = {isa = PBXFileReference; lastKnownFileType = sourcecode.c.objc; path = AppDelegate.m; sourceTree = "<group>"; };
		F766544E19493FFB00C7158B /* Base */ = {isa = PBXFileReference; lastKnownFileType = file.storyboard; name = Base; path = Base.lproj/Main_iPhone.storyboard; sourceTree = "<group>"; };
		F766545119493FFB00C7158B /* Base */ = {isa = PBXFileReference; lastKnownFileType = file.storyboard; name = Base; path = Base.lproj/Main_iPad.storyboard; sourceTree = "<group>"; };
		F766545319493FFB00C7158B /* ViewController.h */ = {isa = PBXFileReference; lastKnownFileType = sourcecode.c.h; path = ViewController.h; sourceTree = "<group>"; };
		F766545419493FFB00C7158B /* ViewController.m */ = {isa = PBXFileReference; lastKnownFileType = sourcecode.c.objc; path = ViewController.m; sourceTree = "<group>"; };
		F766545619493FFB00C7158B /* Images.xcassets */ = {isa = PBXFileReference; lastKnownFileType = folder.assetcatalog; path = Images.xcassets; sourceTree = "<group>"; };
		F766545C19493FFB00C7158B /* NetWorkReachableTests.xctest */ = {isa = PBXFileReference; explicitFileType = wrapper.cfbundle; includeInIndex = 0; path = NetWorkReachableTests.xctest; sourceTree = BUILT_PRODUCTS_DIR; };
		F766545D19493FFB00C7158B /* XCTest.framework */ = {isa = PBXFileReference; lastKnownFileType = wrapper.framework; name = XCTest.framework; path = Library/Frameworks/XCTest.framework; sourceTree = DEVELOPER_DIR; };
		F766546519493FFB00C7158B /* NetWorkReachableTests-Info.plist */ = {isa = PBXFileReference; lastKnownFileType = text.plist.xml; path = "NetWorkReachableTests-Info.plist"; sourceTree = "<group>"; };
		F766546719493FFB00C7158B /* en */ = {isa = PBXFileReference; lastKnownFileType = text.plist.strings; name = en; path = en.lproj/InfoPlist.strings; sourceTree = "<group>"; };
		F766546919493FFB00C7158B /* NetWorkReachableTests.m */ = {isa = PBXFileReference; lastKnownFileType = sourcecode.c.objc; path = NetWorkReachableTests.m; sourceTree = "<group>"; };
/* End PBXFileReference section */

/* Begin PBXFrameworksBuildPhase section */
		F766543519493FFB00C7158B /* Frameworks */ = {
			isa = PBXFrameworksBuildPhase;
			buildActionMask = 2147483647;
			files = (
				F766543E19493FFB00C7158B /* CoreGraphics.framework in Frameworks */,
				F766544019493FFB00C7158B /* UIKit.framework in Frameworks */,
				F766543C19493FFB00C7158B /* Foundation.framework in Frameworks */,
			);
			runOnlyForDeploymentPostprocessing = 0;
		};
		F766545919493FFB00C7158B /* Frameworks */ = {
			isa = PBXFrameworksBuildPhase;
			buildActionMask = 2147483647;
			files = (
				F766545E19493FFB00C7158B /* XCTest.framework in Frameworks */,
				F766546019493FFB00C7158B /* UIKit.framework in Frameworks */,
				F766545F19493FFB00C7158B /* Foundation.framework in Frameworks */,
			);
			runOnlyForDeploymentPostprocessing = 0;
		};
/* End PBXFrameworksBuildPhase section */

/* Begin PBXGroup section */
		F766542F19493FFB00C7158B = {
			isa = PBXGroup;
			children = (
				F766544119493FFB00C7158B /* NetWorkReachable */,
				F766546319493FFB00C7158B /* NetWorkReachableTests */,
				F766543A19493FFB00C7158B /* Frameworks */,
				F766543919493FFB00C7158B /* Products */,
			);
			sourceTree = "<group>";
		};
		F766543919493FFB00C7158B /* Products */ = {
			isa = PBXGroup;
			children = (
				F766543819493FFB00C7158B /* NetWorkReachable.app */,
				F766545C19493FFB00C7158B /* NetWorkReachableTests.xctest */,
			);
			name = Products;
			sourceTree = "<group>";
		};
		F766543A19493FFB00C7158B /* Frameworks */ = {
			isa = PBXGroup;
			children = (
				F766543B19493FFB00C7158B /* Foundation.framework */,
				F766543D19493FFB00C7158B /* CoreGraphics.framework */,
				F766543F19493FFB00C7158B /* UIKit.framework */,
				F766545D19493FFB00C7158B /* XCTest.framework */,
			);
			name = Frameworks;
			sourceTree = "<group>";
		};
		F766544119493FFB00C7158B /* NetWorkReachable */ = {
			isa = PBXGroup;
			children = (
				F766544A19493FFB00C7158B /* AppDelegate.h */,
				F766544B19493FFB00C7158B /* AppDelegate.m */,
				F766544D19493FFB00C7158B /* Main_iPhone.storyboard */,
				F766545019493FFB00C7158B /* Main_iPad.storyboard */,
				F766545319493FFB00C7158B /* ViewController.h */,
				F766545419493FFB00C7158B /* ViewController.m */,
				F766545619493FFB00C7158B /* Images.xcassets */,
				F766544219493FFB00C7158B /* Supporting Files */,
			);
			path = NetWorkReachable;
			sourceTree = "<group>";
		};
		F766544219493FFB00C7158B /* Supporting Files */ = {
			isa = PBXGroup;
			children = (
				F766544319493FFB00C7158B /* NetWorkReachable-Info.plist */,
				F766544419493FFB00C7158B /* InfoPlist.strings */,
				F766544719493FFB00C7158B /* main.m */,
				F766544919493FFB00C7158B /* NetWorkReachable-Prefix.pch */,
			);
			name = "Supporting Files";
			sourceTree = "<group>";
		};
		F766546319493FFB00C7158B /* NetWorkReachableTests */ = {
			isa = PBXGroup;
			children = (
				F766546919493FFB00C7158B /* NetWorkReachableTests.m */,
				F766546419493FFB00C7158B /* Supporting Files */,
			);
			path = NetWorkReachableTests;
			sourceTree = "<group>";
		};
		F766546419493FFB00C7158B /* Supporting Files */ = {
			isa = PBXGroup;
			children = (
				F766546519493FFB00C7158B /* NetWorkReachableTests-Info.plist */,
				F766546619493FFB00C7158B /* InfoPlist.strings */,
			);
			name = "Supporting Files";
			sourceTree = "<group>";
		};
/* End PBXGroup section */

/* Begin PBXNativeTarget section */
		F766543719493FFB00C7158B /* NetWorkReachable */ = {
			isa = PBXNativeTarget;
			buildConfigurationList = F766546D19493FFB00C7158B /* Build configuration list for PBXNativeTarget "NetWorkReachable" */;
			buildPhases = (
				F766543419493FFB00C7158B /* Sources */,
				F766543519493FFB00C7158B /* Frameworks */,
				F766543619493FFB00C7158B /* Resources */,
			);
			buildRules = (
			);
			dependencies = (
			);
			name = NetWorkReachable;
			productName = NetWorkReachable;
			productReference = F766543819493FFB00C7158B /* NetWorkReachable.app */;
			productType = "com.apple.product-type.application";
		};
		F766545B19493FFB00C7158B /* NetWorkReachableTests */ = {
			isa = PBXNativeTarget;
			buildConfigurationList = F766547019493FFB00C7158B /* Build configuration list for PBXNativeTarget "NetWorkReachableTests" */;
			buildPhases = (
				F766545819493FFB00C7158B /* Sources */,
				F766545919493FFB00C7158B /* Frameworks */,
				F766545A19493FFB00C7158B /* Resources */,
			);
			buildRules = (
			);
			dependencies = (
				F766546219493FFB00C7158B /* PBXTargetDependency */,
			);
			name = NetWorkReachableTests;
			productName = NetWorkReachableTests;
			productReference = F766545C19493FFB00C7158B /* NetWorkReachableTests.xctest */;
			productType = "com.apple.product-type.bundle.unit-test";
		};
/* End PBXNativeTarget section */

/* Begin PBXProject section */
		F766543019493FFB00C7158B /* Project object */ = {
			isa = PBXProject;
			attributes = {
				LastUpgradeCheck = 0510;
				ORGANIZATIONNAME = "___migndao___";
				TargetAttributes = {
					F766545B19493FFB00C7158B = {
						TestTargetID = F766543719493FFB00C7158B;
					};
				};
			};
			buildConfigurationList = F766543319493FFB00C7158B /* Build configuration list for PBXProject "NetWorkReachable" */;
			compatibilityVersion = "Xcode 3.2";
			developmentRegion = English;
			hasScannedForEncodings = 0;
			knownRegions = (
				en,
				Base,
			);
			mainGroup = F766542F19493FFB00C7158B;
			productRefGroup = F766543919493FFB00C7158B /* Products */;
			projectDirPath = "";
			projectRoot = "";
			targets = (
				F766543719493FFB00C7158B /* NetWorkReachable */,
				F766545B19493FFB00C7158B /* NetWorkReachableTests */,
			);
		};
/* End PBXProject section */

/* Begin PBXResourcesBuildPhase section */
		F766543619493FFB00C7158B /* Resources */ = {
			isa = PBXResourcesBuildPhase;
			buildActionMask = 2147483647;
			files = (
				F766545219493FFB00C7158B /* Main_iPad.storyboard in Resources */,
				F766545719493FFB00C7158B /* Images.xcassets in Resources */,
				F766544F19493FFB00C7158B /* Main_iPhone.storyboard in Resources */,
				F766544619493FFB00C7158B /* InfoPlist.strings in Resources */,
			);
			runOnlyForDeploymentPostprocessing = 0;
		};
		F766545A19493FFB00C7158B /* Resources */ = {
			isa = PBXResourcesBuildPhase;
			buildActionMask = 2147483647;
			files = (
				F766546819493FFB00C7158B /* InfoPlist.strings in Resources */,
			);
			runOnlyForDeploymentPostprocessing = 0;
		};
/* End PBXResourcesBuildPhase section */

/* Begin PBXSourcesBuildPhase section */
		F766543419493FFB00C7158B /* Sources */ = {
			isa = PBXSourcesBuildPhase;
			buildActionMask = 2147483647;
			files = (
				F766545519493FFB00C7158B /* ViewController.m in Sources */,
				F766544C19493FFB00C7158B /* AppDelegate.m in Sources */,
				F766544819493FFB00C7158B /* main.m in Sources */,
			);
			runOnlyForDeploymentPostprocessing = 0;
		};
		F766545819493FFB00C7158B /* Sources */ = {
			isa = PBXSourcesBuildPhase;
			buildActionMask = 2147483647;
			files = (
				F766546A19493FFB00C7158B /* NetWorkReachableTests.m in Sources */,
			);
			runOnlyForDeploymentPostprocessing = 0;
		};
/* End PBXSourcesBuildPhase section */

/* Begin PBXTargetDependency section */
		F766546219493FFB00C7158B /* PBXTargetDependency */ = {
			isa = PBXTargetDependency;
			target = F766543719493FFB00C7158B /* NetWorkReachable */;
			targetProxy = F766546119493FFB00C7158B /* PBXContainerItemProxy */;
		};
/* End PBXTargetDependency section */

/* Begin PBXVariantGroup section */
		F766544419493FFB00C7158B /* InfoPlist.strings */ = {
			isa = PBXVariantGroup;
			children = (
				F766544519493FFB00C7158B /* en */,
			);
			name = InfoPlist.strings;
			sourceTree = "<group>";
		};
		F766544D19493FFB00C7158B /* Main_iPhone.storyboard */ = {
			isa = PBXVariantGroup;
			children = (
				F766544E19493FFB00C7158B /* Base */,
			);
			name = Main_iPhone.storyboard;
			sourceTree = "<group>";
		};
		F766545019493FFB00C7158B /* Main_iPad.storyboard */ = {
			isa = PBXVariantGroup;
			children = (
				F766545119493FFB00C7158B /* Base */,
			);
			name = Main_iPad.storyboard;
			sourceTree = "<group>";
		};
		F766546619493FFB00C7158B /* InfoPlist.strings */ = {
			isa = PBXVariantGroup;
			children = (
				F766546719493FFB00C7158B /* en */,
			);
			name = InfoPlist.strings;
			sourceTree = "<group>";
		};
/* End PBXVariantGroup section */

/* Begin XCBuildConfiguration section */
		F766546B19493FFB00C7158B /* Debug */ = {
			isa = XCBuildConfiguration;
			buildSettings = {
				ALWAYS_SEARCH_USER_PATHS = NO;
				CLANG_CXX_LANGUAGE_STANDARD = "gnu++0x";
				CLANG_CXX_LIBRARY = "libc++";
				CLANG_ENABLE_MODULES = YES;
				CLANG_ENABLE_OBJC_ARC = YES;
				CLANG_WARN_BOOL_CONVERSION = YES;
				CLANG_WARN_CONSTANT_CONVERSION = YES;
				CLANG_WARN_DIRECT_OBJC_ISA_USAGE = YES_ERROR;
				CLANG_WARN_EMPTY_BODY = YES;
				CLANG_WARN_ENUM_CONVERSION = YES;
				CLANG_WARN_INT_CONVERSION = YES;
				CLANG_WARN_OBJC_ROOT_CLASS = YES_ERROR;
				CLANG_WARN__DUPLICATE_METHOD_MATCH = YES;
				"CODE_SIGN_IDENTITY[sdk=iphoneos*]" = "iPhone Developer";
				COPY_PHASE_STRIP = NO;
				GCC_C_LANGUAGE_STANDARD = gnu99;
				GCC_DYNAMIC_NO_PIC = NO;
				GCC_OPTIMIZATION_LEVEL = 0;
				GCC_PREPROCESSOR_DEFINITIONS = (
					"DEBUG=1",
					"$(inherited)",
				);
				GCC_SYMBOLS_PRIVATE_EXTERN = NO;
				GCC_WARN_64_TO_32_BIT_CONVERSION = YES;
				GCC_WARN_ABOUT_RETURN_TYPE = YES_ERROR;
				GCC_WARN_UNDECLARED_SELECTOR = YES;
				GCC_WARN_UNINITIALIZED_AUTOS = YES_AGGRESSIVE;
				GCC_WARN_UNUSED_FUNCTION = YES;
				GCC_WARN_UNUSED_VARIABLE = YES;
				IPHONEOS_DEPLOYMENT_TARGET = 7.1;
				ONLY_ACTIVE_ARCH = YES;
				SDKROOT = iphoneos;
				TARGETED_DEVICE_FAMILY = "1,2";
			};
			name = Debug;
		};
		F766546C19493FFB00C7158B /* Release */ = {
			isa = XCBuildConfiguration;
			buildSettings = {
				ALWAYS_SEARCH_USER_PATHS = NO;
				CLANG_CXX_LANGUAGE_STANDARD = "gnu++0x";
				CLANG_CXX_LIBRARY = "libc++";
				CLANG_ENABLE_MODULES = YES;
				CLANG_ENABLE_OBJC_ARC = YES;
				CLANG_WARN_BOOL_CONVERSION = YES;
				CLANG_WARN_CONSTANT_CONVERSION = YES;
				CLANG_WARN_DIRECT_OBJC_ISA_USAGE = YES_ERROR;
				CLANG_WARN_EMPTY_BODY = YES;
				CLANG_WARN_ENUM_CONVERSION = YES;
				CLANG_WARN_INT_CONVERSION = YES;
				CLANG_WARN_OBJC_ROOT_CLASS = YES_ERROR;
				CLANG_WARN__DUPLICATE_METHOD_MATCH = YES;
				"CODE_SIGN_IDENTITY[sdk=iphoneos*]" = "iPhone Developer";
				COPY_PHASE_STRIP = YES;
				ENABLE_NS_ASSERTIONS = NO;
				GCC_C_LANGUAGE_STANDARD = gnu99;
				GCC_WARN_64_TO_32_BIT_CONVERSION = YES;
				GCC_WARN_ABOUT_RETURN_TYPE = YES_ERROR;
				GCC_WARN_UNDECLARED_SELECTOR = YES;
				GCC_WARN_UNINITIALIZED_AUTOS = YES_AGGRESSIVE;
				GCC_WARN_UNUSED_FUNCTION = YES;
				GCC_WARN_UNUSED_VARIABLE = YES;
				IPHONEOS_DEPLOYMENT_TARGET = 7.1;
				SDKROOT = iphoneos;
				TARGETED_DEVICE_FAMILY = "1,2";
				VALIDATE_PRODUCT = YES;
			};
			name = Release;
		};
		F766546E19493FFB00C7158B /* Debug */ = {
			isa = XCBuildConfiguration;
			buildSettings = {
				ASSETCATALOG_COMPILER_APPICON_NAME = AppIcon;
				ASSETCATALOG_COMPILER_LAUNCHIMAGE_NAME = LaunchImage;
				GCC_PRECOMPILE_PREFIX_HEADER = YES;
				GCC_PREFIX_HEADER = "NetWorkReachable/NetWorkReachable-Prefix.pch";
				INFOPLIST_FILE = "NetWorkReachable/NetWorkReachable-Info.plist";
				IPHONEOS_DEPLOYMENT_TARGET = 6.1;
				PRODUCT_NAME = "$(TARGET_NAME)";
				WRAPPER_EXTENSION = app;
			};
			name = Debug;
		};
		F766546F19493FFB00C7158B /* Release */ = {
			isa = XCBuildConfiguration;
			buildSettings = {
				ASSETCATALOG_COMPILER_APPICON_NAME = AppIcon;
				ASSETCATALOG_COMPILER_LAUNCHIMAGE_NAME = LaunchImage;
				GCC_PRECOMPILE_PREFIX_HEADER = YES;
				GCC_PREFIX_HEADER = "NetWorkReachable/NetWorkReachable-Prefix.pch";
				INFOPLIST_FILE = "NetWorkReachable/NetWorkReachable-Info.plist";
				IPHONEOS_DEPLOYMENT_TARGET = 6.1;
				PRODUCT_NAME = "$(TARGET_NAME)";
				WRAPPER_EXTENSION = app;
			};
			name = Release;
		};
		F766547119493FFB00C7158B /* Debug */ = {
			isa = XCBuildConfiguration;
			buildSettings = {
				BUNDLE_LOADER = "$(BUILT_PRODUCTS_DIR)/NetWorkReachable.app/NetWorkReachable";
				FRAMEWORK_SEARCH_PATHS = (
					"$(SDKROOT)/Developer/Library/Frameworks",
					"$(inherited)",
					"$(DEVELOPER_FRAMEWORKS_DIR)",
				);
				GCC_PRECOMPILE_PREFIX_HEADER = YES;
				GCC_PREFIX_HEADER = "NetWorkReachable/NetWorkReachable-Prefix.pch";
				GCC_PREPROCESSOR_DEFINITIONS = (
					"DEBUG=1",
					"$(inherited)",
				);
				INFOPLIST_FILE = "NetWorkReachableTests/NetWorkReachableTests-Info.plist";
				PRODUCT_NAME = "$(TARGET_NAME)";
				TEST_HOST = "$(BUNDLE_LOADER)";
				WRAPPER_EXTENSION = xctest;
			};
			name = Debug;
		};
		F766547219493FFB00C7158B /* Release */ = {
			isa = XCBuildConfiguration;
			buildSettings = {
				BUNDLE_LOADER = "$(BUILT_PRODUCTS_DIR)/NetWorkReachable.app/NetWorkReachable";
				FRAMEWORK_SEARCH_PATHS = (
					"$(SDKROOT)/Developer/Library/Frameworks",
					"$(inherited)",
					"$(DEVELOPER_FRAMEWORKS_DIR)",
				);
				GCC_PRECOMPILE_PREFIX_HEADER = YES;
				GCC_PREFIX_HEADER = "NetWorkReachable/NetWorkReachable-Prefix.pch";
				INFOPLIST_FILE = "NetWorkReachableTests/NetWorkReachableTests-Info.plist";
				PRODUCT_NAME = "$(TARGET_NAME)";
				TEST_HOST = "$(BUNDLE_LOADER)";
				WRAPPER_EXTENSION = xctest;
			};
			name = Release;
		};
/* End XCBuildConfiguration section */

/* Begin XCConfigurationList section */
		F766543319493FFB00C7158B /* Build configuration list for PBXProject "NetWorkReachable" */ = {
			isa = XCConfigurationList;
			buildConfigurations = (
				F766546B19493FFB00C7158B /* Debug */,
				F766546C19493FFB00C7158B /* Release */,
			);
			defaultConfigurationIsVisible = 0;
			defaultConfigurationName = Release;
		};
		F766546D19493FFB00C7158B /* Build configuration list for PBXNativeTarget "NetWorkReachable" */ = {
			isa = XCConfigurationList;
			buildConfigurations = (
				F766546E19493FFB00C7158B /* Debug */,
				F766546F19493FFB00C7158B /* Release */,
			);
			defaultConfigurationIsVisible = 0;
		};
		F766547019493FFB00C7158B /* Build configuration list for PBXNativeTarget "NetWorkReachableTests" */ = {
			isa = XCConfigurationList;
			buildConfigurations = (
				F766547119493FFB00C7158B /* Debug */,
				F766547219493FFB00C7158B /* Release */,
			);
			defaultConfigurationIsVisible = 0;
		};
/* End XCConfigurationList section */
	};
	rootObject = F766543019493FFB00C7158B /* Project object */;
}
